
Microsoft Visual Studio Solution File, Format Version 12.00
# Visual Studio Version 16
VisualStudioVersion = 16.0.31515.178
MinimumVisualStudioVersion = 10.0.40219.1
Project("{FAE04EC0-301F-11D3-BF4B-00C04F79EFBC}") = "EFSamurai.Data", "EFSamurai.Data\EFSamurai.Data.csproj", "{967AACDD-1F3B-44F2-A24C-B850B466C58E}"
EndProject
Project("{FAE04EC0-301F-11D3-BF4B-00C04F79EFBC}") = "EFSamurai.Domain", "EFSamurai.Domain\EFSamurai.Domain.csproj", "{87FC2233-7B5F-4D10-A07D-0D3CFFBA7438}"
EndProject
Global
	GlobalSection(SolutionConfigurationPlatforms) = preSolution
		Debug|Any CPU = Debug|Any CPU
		Release|Any CPU = Release|Any CPU
	EndGlobalSection
	GlobalSection(ProjectConfigurationPlatforms) = postSolution
		{967AACDD-1F3B-44F2-A24C-B850B466C58E}.Debug|Any CPU.ActiveCfg = Debug|Any CPU
		{967AACDD-1F3B-44F2-A24C-B850B466C58E}.Debug|Any CPU.Build.0 = Debug|Any CPU
		{967AACDD-1F3B-44F2-A24C-B850B466C58E}.Release|Any CPU.ActiveCfg = Release|Any CPU
		{967AACDD-1F3B-44F2-A24C-B850B466C58E}.Release|Any CPU.Build.0 = Release|Any CPU
		{87FC2233-7B5F-4D10-A07D-0D3CFFBA7438}.Debug|Any CPU.ActiveCfg = Debug|Any CPU
		{87FC2233-7B5F-4D10-A07D-0D3CFFBA7438}.Debug|Any CPU.Build.0 = Debug|Any CPU
		{87FC2233-7B5F-4D10-A07D-0D3CFFBA7438}.Release|Any CPU.ActiveCfg = Release|Any CPU
		{87FC2233-7B5F-4D10-A07D-0D3CFFBA7438}.Release|Any CPU.Build.0 = Release|Any CPU
	EndGlobalSection
	GlobalSection(SolutionProperties) = preSolution
		HideSolutionNode = FALSE
	EndGlobalSection
	GlobalSection(ExtensibilityGlobals) = postSolution
		SolutionGuid = {17DDF149-5DC8-4997-9664-F86FA29CE0FD}
	EndGlobalSection
EndGlobal
